
Microsoft Visual Studio Solution File, Format Version 12.00
# Visual Studio Version 17
VisualStudioVersion = 17.14.37111.16 d17.14
MinimumVisualStudioVersion = 10.0.40219.1
Project("{FAE04EC0-301F-11D3-BF4B-00C04F79EFBC}") = "option1", "option1\option1.csproj", "{3D732859-26FF-428F-9BA1-0BF0F26BB366}"
EndProject
Global
	GlobalSection(SolutionConfigurationPlatforms) = preSolution
		Debug|Any CPU = Debug|Any CPU
		Release|Any CPU = Release|Any CPU
	EndGlobalSection
	GlobalSection(ProjectConfigurationPlatforms) = postSolution
		{3D732859-26FF-428F-9BA1-0BF0F26BB366}.Debug|Any CPU.ActiveCfg = Debug|Any CPU
		{3D732859-26FF-428F-9BA1-0BF0F26BB366}.Debug|Any CPU.Build.0 = Debug|Any CPU
		{3D732859-26FF-428F-9BA1-0BF0F26BB366}.Release|Any CPU.ActiveCfg = Release|Any CPU
		{3D732859-26FF-428F-9BA1-0BF0F26BB366}.Release|Any CPU.Build.0 = Release|Any CPU
	EndGlobalSection
	GlobalSection(SolutionProperties) = preSolution
		HideSolutionNode = FALSE
	EndGlobalSection
	GlobalSection(ExtensibilityGlobals) = postSolution
		SolutionGuid = {F0D5434E-F29B-45FD-8803-6C69670E2854}
	EndGlobalSection
EndGlobal
